github.com/BurntSushi/toml v1.2.1 h1:9F2/+DoOYIOksmaJFPw1tGFy1eDnIJXg+UHjuD8lTak=
github.com/BurntSushi/toml v1.2.1/go.mod h1:CxXYINrC8qIiEnFrOxCa7Jy5BFHlXnUU2pbicEuybxQ=
github.com/FurqanSoftware/goldmark-katex v0.0.0-20230820031700-1c400212c1e1 h1:zm4WOvvzOeEiA47eE74RTNTi/FC5Cpw6R4fk/4hxdpc=
github.com/FurqanSoftware/goldmark-katex v0.0.0-20230820031700-1c400212c1e1/go.mod h1:Z4lsscLMP+DMuc7k7AU0TsFRA2xQWTGhOp9zELvG1lQ=
github.com/a-h/templ v0.2.663 h1:aa0WMm27InkYHGjimcM7us6hJ6BLhg98ZbfaiDPyjHE=
github.com/a-h/templ v0.2.663/go.mod h1:SA7mtYwVEajbIXFRh3vKdYm/4FYyLQAtPH1+KxzGPA8=
github.com/bluele/gcache v0.0.2 h1:WcbfdXICg7G/DGBh1PFfcirkWOQV+v077yF1pSy3DGw=
github.com/bluele/gcache v0.0.2/go.mod h1:m15KV+ECjptwSPxKhOhQoAFQVtUFjTVkc3H8o0t/fp0=
github.com/davecgh/go-spew v1.1.0/go.mod h1:J7Y8YcW2NihsgmVo/mv3lAwl/skON4iLHjSsI+c5H38=
github.com/davecgh/go-spew v1.1.1 h1:vj9j/u1bqnvCEfJOwUhtlOARqs3+rkHYY13jYWTU97c=
github.com/davecgh/go-spew v1.1.1/go.mod h1:J7Y8YcW2NihsgmVo/mv3lAwl/skON4iLHjSsI+c5H38=
github.com/google/go-cmp v0.6.0 h1:ofyhxvXcZhMsU5ulbFiLKl/XBFqE1GSq7atu8tAmTRI=
github.com/google/go-cmp v0.6.0/go.mod h1:17dUlkBOakJ0+DkrSSNjCkIjxS6bF9zb3elmeNGIjoY=
github.com/haleyrc/sif v0.0.0-20240424180918-db1bc8de8881 h1:EbXDysQxlBXiUPMI9/US35sGTPdMyr5Aeg6ODlwgFwg=
github.com/haleyrc/sif v0.0.0-20240424180918-db1bc8de8881/go.mod h1:xdYvbOoBoSWfbpb2liXTQieD7W4d8ZuqwQypRiS4Eg0=
github.com/haleyrc/sif v0.0.0-20240515194235-1a8d214db959 h1:plQcRAULxvgjT7DpGiB8rvy4M8IqPq+E8EYJOjlLKGM=
github.com/haleyrc/sif v0.0.0-20240515194235-1a8d214db959/go.mod h1:xdYvbOoBoSWfbpb2liXTQieD7W4d8ZuqwQypRiS4Eg0=
github.com/haleyrc/sif v0.0.0-20240515194439-c53ffe0639ca h1:3/PK6dBBc21+deS+1WMB5K114RyliItBcX6zUuDBK3c=
github.com/haleyrc/sif v0.0.0-20240515194439-c53ffe0639ca/go.mod h1:xdYvbOoBoSWfbpb2liXTQieD7W4d8ZuqwQypRiS4Eg0=
github.com/haleyrc/sif v0.0.0-20240515194939-716b21a7a063 h1:0WQymK375AcOdRteJTFjxFi+67T/XcN5oyU/vyMO+Yw=
github.com/haleyrc/sif v0.0.0-20240515194939-716b21a7a063/go.mod h1:xdYvbOoBoSWfbpb2liXTQieD7W4d8ZuqwQypRiS4Eg0=
github.com/lithdew/quickjs v0.0.0-20200714182134-aaa42285c9d2 h1:9o8F2Jlv6jetf9FKdseYhgv036iyW87vi9DoFd2O76s=
github.com/lithdew/quickjs v0.0.0-20200714182134-aaa42285c9d2/go.mod h1:zkXUczDT56GViklqUXAzmvSKkGTxV2jrG/NOWqHAbT8=
github.com/pmezard/go-difflib v1.0.0 h1:4DBwDE0NGyQoBHbLQYPwSUPoCMWR5BEzIk/f1lZbAQM=
github.com/pmezard/go-difflib v1.0.0/go.mod h1:iKH77koFhYxTK1pcRnkKkqfTogsbg7gZNVY4sRDYZ/4=
github.com/stretchr/objx v0.1.0/go.mod h1:HFkY916IF+rwdDfMAkV7OtwuqBVzrE8GR6GFx+wExME=
github.com/stretchr/testify v1.6.1/go.mod h1:6Fq8oRcR53rry900zMqJjRRixrwX3KX962/h/Wwjteg=
github.com/stretchr/testify v1.8.4 h1:CcVxjf3Q8PM0mHUKJCdn+eZZtm5yQwehR5yeSVQQcUk=
github.com/stretchr/testify v1.8.4/go.mod h1:sz/lmYIOXD/1dqDmKjjqLyZ2RngseejIcXlSw2iwfAo=
github.com/yuin/goldmark v1.3.7/go.mod h1:mwnBkeHKe2W/ZEtQ+71ViKU8L12m81fl3OWwC1Zlc8k=
github.com/yuin/goldmark v1.7.1 h1:3bajkSilaCbjdKVsKdZjZCLBNPL9pYzrCakKaf4U49U=
github.com/yuin/goldmark v1.7.1/go.mod h1:uzxRWxtg69N339t3louHJ7+O03ezfj6PlliRlaOzY1E=
github.com/yuin/goldmark-emoji v1.0.2 h1:c/RgTShNgHTtc6xdz2KKI74jJr6rWi7FPgnP9GAsO5s=
github.com/yuin/goldmark-emoji v1.0.2/go.mod h1:RhP/RWpexdp+KHs7ghKnifRoIs/Bq4nDS7tRbCkOwKY=
go.abhg.dev/goldmark/frontmatter v0.2.0 h1:P8kPG0YkL12+aYk2yU3xHv4tcXzeVnN+gU0tJ5JnxRw=
go.abhg.dev/goldmark/frontmatter v0.2.0/go.mod h1:XqrEkZuM57djk7zrlRUB02x8I5J0px76YjkOzhB4YlU=
golang.org/x/exp v0.0.0-20240416160154-fe59bbe5cc7f h1:99ci1mjWVBWwJiEKYY6jWa4d2nTQVIEhZIptnrVb1XY=
golang.org/x/exp v0.0.0-20240416160154-fe59bbe5cc7f/go.mod h1:/lliqkxwWAhPjf5oSOIJup2XcqJaw8RGS6k3TGEc7GI=
gopkg.in/check.v1 v0.0.0-20161208181325-20d25e280405 h1:yhCVgyC4o1eVCa2tZl7eS0r+SDo693bJlVdllGtEeKM=
gopkg.in/check.v1 v0.0.0-20161208181325-20d25e280405/go.mod h1:Co6ibVJAznAaIkqp8huTwlJQCZ016jof/cbN4VW5Yz0=
gopkg.in/yaml.v3 v3.0.0-20200313102051-9f266ea9e77c/go.mod h1:K4uyk7z7BCEPqu6E+C64Yfv1cQ7kz7rIZviUmN+EgEM=
gopkg.in/yaml.v3 v3.0.1 h1:fxVm/GzAzEWqLHuvctI91KS9hhNmmWOoWu0XTYJS7CA=
gopkg.in/yaml.v3 v3.0.1/go.mod h1:K4uyk7z7BCEPqu6E+C64Yfv1cQ7kz7rIZviUmN+EgEM=
